# This file is automatically @generated by Poetry 1.6.1 and should not be changed by hand.

[[package]]
name = "packagea"
version = "0.2.0"
description = ""
optional = false
python-versions = "^3.8"
files = []
develop = false

[package.source]
type = "git"
url = "https://github.com/andreroggeri/poetry-repo-package-bug.git"
reference = "packagea-0.2.0"
resolved_reference = "8a3901d7362ae123e1d1fc6da9d232d6a6f86160"
subdirectory = "packagea"

[[package]]
name = "packageb"
version = "0.2.0"
description = ""
optional = false
python-versions = "^3.8"
files = []
develop = false

[package.source]
type = "git"
url = "https://github.com/andreroggeri/poetry-repo-package-bug.git"
reference = "packageb-0.2.0"
resolved_reference = "8a3901d7362ae123e1d1fc6da9d232d6a6f86160"
subdirectory = "packageb"

[metadata]
lock-version = "2.0"
python-versions = "^3.8"
content-hash = "7b38635e4708ace6037b40efa1dac1ec2162e633da5310848c89fbf466b05731"
